
Microsoft Visual Studio Solution File, Format Version 12.00
# Visual Studio Version 17
VisualStudioVersion = 17.14.36408.4 d17.14
MinimumVisualStudioVersion = 10.0.40219.1
Project("{FAE04EC0-301F-11D3-BF4B-00C04F79EFBC}") = "Viris_Sim_GageMcKenzie", "Viris_Sim_GageMcKenzie\Viris_Sim_GageMcKenzie.csproj", "{CE60D68E-D767-495D-B557-7A5C403CC7F1}"
EndProject
Global
	GlobalSection(SolutionConfigurationPlatforms) = preSolution
		Debug|Any CPU = Debug|Any CPU
		Release|Any CPU = Release|Any CPU
	EndGlobalSection
	GlobalSection(ProjectConfigurationPlatforms) = postSolution
		{CE60D68E-D767-495D-B557-7A5C403CC7F1}.Debug|Any CPU.ActiveCfg = Debug|Any CPU
		{CE60D68E-D767-495D-B557-7A5C403CC7F1}.Debug|Any CPU.Build.0 = Debug|Any CPU
		{CE60D68E-D767-495D-B557-7A5C403CC7F1}.Release|Any CPU.ActiveCfg = Release|Any CPU
		{CE60D68E-D767-495D-B557-7A5C403CC7F1}.Release|Any CPU.Build.0 = Release|Any CPU
	EndGlobalSection
	GlobalSection(SolutionProperties) = preSolution
		HideSolutionNode = FALSE
	EndGlobalSection
	GlobalSection(ExtensibilityGlobals) = postSolution
		SolutionGuid = {182570A6-AB68-4924-97AF-BBAA2DB83040}
	EndGlobalSection
EndGlobal
